PODS:
  - FBSDKCoreKit (7.1.1):
    - FBSDKCoreKit/Basics (= 7.1.1)
    - FBSDKCoreKit/Core (= 7.1.1)
  - FBSDKCoreKit/Basics (7.1.1)
  - FBSDKCoreKit/Core (7.1.1):
    - FBSDKCoreKit/Basics
  - FBSDKLoginKit (4.39.1):
    - FBSDKCoreKit
  - Flutter (1.0.0)
  - flutter_facebook_login (0.0.1):
    - FBSDKLoginKit (= 4.39.1)
    - Flutter
  - flutter_line_sdk (1.3.0):
    - Flutter
    - LineSDKSwift (~> 5.3)
  - fluttertoast (0.0.2):
    - Flutter
  - LineSDKSwift (5.6.0):
    - LineSDKSwift/Core (= 5.6.0)

DEPENDENCIES:
  - FBSDKLoginKit
  - Flutter (from `Flutter`)
  - flutter_facebook_login (from `.symlinks/plugins/flutter_facebook_login/ios`)
  - flutter_line_sdk (from `.symlinks/plugins/flutter_line_sdk/ios`)
  - fluttertoast (from `.symlinks/plugins/fluttertoast/ios`)

SPEC REPOS:
  trunk:
    - FBSDKCoreKit
    - FBSDKLoginKit
    - LineSDKSwift

EXTERNAL SOURCES:
  Flutter:
    :path: Flutter
  flutter_facebook_login:
    :path: ".symlinks/plugins/flutter_facebook_login/ios"
  flutter_line_sdk:
    :path: ".symlinks/plugins/flutter_line_sdk/ios"
  fluttertoast:
    :path: ".symlinks/plugins/fluttertoast/ios"

SPEC CHECKSUMS:
  FBSDKCoreKit: b46507dc8b8cefed31d644e74d7cc30e2a715ef8
  FBSDKLoginKit: c3079d9a4db27c492287b1eed7a4272b28cf8a59
  Flutter: 0e3d915762c693b495b44d77113d4970485de6ec
  flutter_facebook_login: f1f88c32d5888d6b5f3301fd87cc7de26f02877e
  flutter_line_sdk: 5ca4b2a634c15b909d7e4b53f57bb81a21295b63
  fluttertoast: b644586ef3b16f67fae9a1f8754cef6b2d6b634b
  LineSDKSwift: 379f4e048d36a5c12cf89b16a3197b97b1445db2

PODFILE CHECKSUM: 0ab889b3714a8b68cc34e1eaa16617b893042097

COCOAPODS: 1.10.0.beta.1
